
Microsoft Visual Studio Solution File, Format Version 12.00
# Visual Studio Version 17
VisualStudioVersion = 17.0.32014.148
MinimumVisualStudioVersion = 10.0.40219.1
Project("{FAE04EC0-301F-11D3-BF4B-00C04F79EFBC}") = "TournamentTracker", "TournamentTracker\TournamentTracker.csproj", "{D0819A92-EDCD-4453-8FA9-1DC6D0A7E4D4}"
EndProject
Global
	GlobalSection(SolutionConfigurationPlatforms) = preSolution
		Debug|Any CPU = Debug|Any CPU
		Release|Any CPU = Release|Any CPU
	EndGlobalSection
	GlobalSection(ProjectConfigurationPlatforms) = postSolution
		{D0819A92-EDCD-4453-8FA9-1DC6D0A7E4D4}.Debug|Any CPU.ActiveCfg = Debug|Any CPU
		{D0819A92-EDCD-4453-8FA9-1DC6D0A7E4D4}.Debug|Any CPU.Build.0 = Debug|Any CPU
		{D0819A92-EDCD-4453-8FA9-1DC6D0A7E4D4}.Release|Any CPU.ActiveCfg = Release|Any CPU
		{D0819A92-EDCD-4453-8FA9-1DC6D0A7E4D4}.Release|Any CPU.Build.0 = Release|Any CPU
	EndGlobalSection
	GlobalSection(SolutionProperties) = preSolution
		HideSolutionNode = FALSE
	EndGlobalSection
	GlobalSection(ExtensibilityGlobals) = postSolution
		SolutionGuid = {49B883B1-E721-4B10-BB4E-12ADA7F8570D}
	EndGlobalSection
EndGlobal
