
Microsoft Visual Studio Solution File, Format Version 12.00
# Visual Studio Version 17
VisualStudioVersion = 17.0.32014.148
MinimumVisualStudioVersion = 10.0.40219.1
Project("{FAE04EC0-301F-11D3-BF4B-00C04F79EFBC}") = "checksum", "checksum\checksum.csproj", "{59CDAC24-2B82-4729-9C8A-E369E2325119}"
EndProject
Global
	GlobalSection(SolutionConfigurationPlatforms) = preSolution
		Debug|Any CPU = Debug|Any CPU
		Release|Any CPU = Release|Any CPU
	EndGlobalSection
	GlobalSection(ProjectConfigurationPlatforms) = postSolution
		{59CDAC24-2B82-4729-9C8A-E369E2325119}.Debug|Any CPU.ActiveCfg = Debug|Any CPU
		{59CDAC24-2B82-4729-9C8A-E369E2325119}.Debug|Any CPU.Build.0 = Debug|Any CPU
		{59CDAC24-2B82-4729-9C8A-E369E2325119}.Release|Any CPU.ActiveCfg = Release|Any CPU
		{59CDAC24-2B82-4729-9C8A-E369E2325119}.Release|Any CPU.Build.0 = Release|Any CPU
	EndGlobalSection
	GlobalSection(SolutionProperties) = preSolution
		HideSolutionNode = FALSE
	EndGlobalSection
	GlobalSection(ExtensibilityGlobals) = postSolution
		SolutionGuid = {E1A1F90F-7E13-4DF2-8388-DACFAD276087}
	EndGlobalSection
EndGlobal
