
Microsoft Visual Studio Solution File, Format Version 12.00
# Visual Studio Version 17
VisualStudioVersion = 17.0.32014.148
MinimumVisualStudioVersion = 10.0.40219.1
Project("{FAE04EC0-301F-11D3-BF4B-00C04F79EFBC}") = "Challenges", "Challenges\Challenges.csproj", "{209DC92C-17CC-47D0-B37D-84C9485E2E5B}"
EndProject
Global
	GlobalSection(SolutionConfigurationPlatforms) = preSolution
		Debug|Any CPU = Debug|Any CPU
		Release|Any CPU = Release|Any CPU
	EndGlobalSection
	GlobalSection(ProjectConfigurationPlatforms) = postSolution
		{209DC92C-17CC-47D0-B37D-84C9485E2E5B}.Debug|Any CPU.ActiveCfg = Debug|Any CPU
		{209DC92C-17CC-47D0-B37D-84C9485E2E5B}.Debug|Any CPU.Build.0 = Debug|Any CPU
		{209DC92C-17CC-47D0-B37D-84C9485E2E5B}.Release|Any CPU.ActiveCfg = Release|Any CPU
		{209DC92C-17CC-47D0-B37D-84C9485E2E5B}.Release|Any CPU.Build.0 = Release|Any CPU
	EndGlobalSection
	GlobalSection(SolutionProperties) = preSolution
		HideSolutionNode = FALSE
	EndGlobalSection
	GlobalSection(ExtensibilityGlobals) = postSolution
		SolutionGuid = {DD12B0E4-E43C-48BA-B09B-01FEEA68D4F7}
	EndGlobalSection
EndGlobal
