
Microsoft Visual Studio Solution File, Format Version 12.00
# Visual Studio Version 17
VisualStudioVersion = 17.0.32014.148
MinimumVisualStudioVersion = 10.0.40219.1
Project("{FAE04EC0-301F-11D3-BF4B-00C04F79EFBC}") = "webapi", "webapi\webapi.csproj", "{5687E926-4A63-4818-AF19-3BD951BA302C}"
EndProject
Global
	GlobalSection(SolutionConfigurationPlatforms) = preSolution
		Debug|Any CPU = Debug|Any CPU
		Release|Any CPU = Release|Any CPU
	EndGlobalSection
	GlobalSection(ProjectConfigurationPlatforms) = postSolution
		{5687E926-4A63-4818-AF19-3BD951BA302C}.Debug|Any CPU.ActiveCfg = Debug|Any CPU
		{5687E926-4A63-4818-AF19-3BD951BA302C}.Debug|Any CPU.Build.0 = Debug|Any CPU
		{5687E926-4A63-4818-AF19-3BD951BA302C}.Release|Any CPU.ActiveCfg = Release|Any CPU
		{5687E926-4A63-4818-AF19-3BD951BA302C}.Release|Any CPU.Build.0 = Release|Any CPU
	EndGlobalSection
	GlobalSection(SolutionProperties) = preSolution
		HideSolutionNode = FALSE
	EndGlobalSection
	GlobalSection(ExtensibilityGlobals) = postSolution
		SolutionGuid = {4B8663E3-0DD4-4CED-9D17-DF5C44FEB929}
	EndGlobalSection
EndGlobal
