
Microsoft Visual Studio Solution File, Format Version 12.00
# Visual Studio Version 17
VisualStudioVersion = 17.0.32014.148
MinimumVisualStudioVersion = 10.0.40219.1
Project("{FAE04EC0-301F-11D3-BF4B-00C04F79EFBC}") = "ASTMOListener", "ASTMOListener\ASTMOListener.csproj", "{A3DEBAEE-4B49-4A0F-83A3-93129EF4CAFE}"
EndProject
Global
	GlobalSection(SolutionConfigurationPlatforms) = preSolution
		Debug|Any CPU = Debug|Any CPU
		Release|Any CPU = Release|Any CPU
	EndGlobalSection
	GlobalSection(ProjectConfigurationPlatforms) = postSolution
		{A3DEBAEE-4B49-4A0F-83A3-93129EF4CAFE}.Debug|Any CPU.ActiveCfg = Debug|Any CPU
		{A3DEBAEE-4B49-4A0F-83A3-93129EF4CAFE}.Debug|Any CPU.Build.0 = Debug|Any CPU
		{A3DEBAEE-4B49-4A0F-83A3-93129EF4CAFE}.Release|Any CPU.ActiveCfg = Release|Any CPU
		{A3DEBAEE-4B49-4A0F-83A3-93129EF4CAFE}.Release|Any CPU.Build.0 = Release|Any CPU
	EndGlobalSection
	GlobalSection(SolutionProperties) = preSolution
		HideSolutionNode = FALSE
	EndGlobalSection
	GlobalSection(ExtensibilityGlobals) = postSolution
		SolutionGuid = {509123C0-759C-404D-90A6-750670E4942F}
	EndGlobalSection
EndGlobal
