
Microsoft Visual Studio Solution File, Format Version 12.00
# Visual Studio Version 17
VisualStudioVersion = 17.0.32014.148
MinimumVisualStudioVersion = 10.0.40219.1
Project("{FAE04EC0-301F-11D3-BF4B-00C04F79EFBC}") = "sysmex", "sysmex\sysmex.csproj", "{81CDF369-5149-443F-819A-CC868FBBC4F7}"
EndProject
Global
	GlobalSection(SolutionConfigurationPlatforms) = preSolution
		Debug|Any CPU = Debug|Any CPU
		Release|Any CPU = Release|Any CPU
	EndGlobalSection
	GlobalSection(ProjectConfigurationPlatforms) = postSolution
		{81CDF369-5149-443F-819A-CC868FBBC4F7}.Debug|Any CPU.ActiveCfg = Debug|Any CPU
		{81CDF369-5149-443F-819A-CC868FBBC4F7}.Debug|Any CPU.Build.0 = Debug|Any CPU
		{81CDF369-5149-443F-819A-CC868FBBC4F7}.Release|Any CPU.ActiveCfg = Release|Any CPU
		{81CDF369-5149-443F-819A-CC868FBBC4F7}.Release|Any CPU.Build.0 = Release|Any CPU
	EndGlobalSection
	GlobalSection(SolutionProperties) = preSolution
		HideSolutionNode = FALSE
	EndGlobalSection
	GlobalSection(ExtensibilityGlobals) = postSolution
		SolutionGuid = {9952CFEB-1922-47ED-AF5B-A47E2AB3038B}
	EndGlobalSection
EndGlobal
