
Microsoft Visual Studio Solution File, Format Version 12.00
# Visual Studio Version 17
VisualStudioVersion = 17.0.32014.148
MinimumVisualStudioVersion = 10.0.40219.1
Project("{FAE04EC0-301F-11D3-BF4B-00C04F79EFBC}") = "HC5D_NHAPI", "HC5D_NHAPI\HC5D_NHAPI.csproj", "{A021586F-0273-4821-9889-2F598E285D09}"
EndProject
Global
	GlobalSection(SolutionConfigurationPlatforms) = preSolution
		Debug|Any CPU = Debug|Any CPU
		Release|Any CPU = Release|Any CPU
	EndGlobalSection
	GlobalSection(ProjectConfigurationPlatforms) = postSolution
		{A021586F-0273-4821-9889-2F598E285D09}.Debug|Any CPU.ActiveCfg = Debug|Any CPU
		{A021586F-0273-4821-9889-2F598E285D09}.Debug|Any CPU.Build.0 = Debug|Any CPU
		{A021586F-0273-4821-9889-2F598E285D09}.Release|Any CPU.ActiveCfg = Release|Any CPU
		{A021586F-0273-4821-9889-2F598E285D09}.Release|Any CPU.Build.0 = Release|Any CPU
	EndGlobalSection
	GlobalSection(SolutionProperties) = preSolution
		HideSolutionNode = FALSE
	EndGlobalSection
	GlobalSection(ExtensibilityGlobals) = postSolution
		SolutionGuid = {0677D257-B3CB-4B44-8BFD-649E12AE5294}
	EndGlobalSection
EndGlobal
