
Microsoft Visual Studio Solution File, Format Version 12.00
# Visual Studio Version 17
VisualStudioVersion = 17.0.32014.148
MinimumVisualStudioVersion = 10.0.40219.1
Project("{FAE04EC0-301F-11D3-BF4B-00C04F79EFBC}") = "TournamentTracker", "TournamentTracker\TournamentTracker.csproj", "{36300E5C-A0CA-4C84-B1CD-8C71BA4E8072}"
EndProject
Global
	GlobalSection(SolutionConfigurationPlatforms) = preSolution
		Debug|Any CPU = Debug|Any CPU
		Release|Any CPU = Release|Any CPU
	EndGlobalSection
	GlobalSection(ProjectConfigurationPlatforms) = postSolution
		{36300E5C-A0CA-4C84-B1CD-8C71BA4E8072}.Debug|Any CPU.ActiveCfg = Debug|Any CPU
		{36300E5C-A0CA-4C84-B1CD-8C71BA4E8072}.Debug|Any CPU.Build.0 = Debug|Any CPU
		{36300E5C-A0CA-4C84-B1CD-8C71BA4E8072}.Release|Any CPU.ActiveCfg = Release|Any CPU
		{36300E5C-A0CA-4C84-B1CD-8C71BA4E8072}.Release|Any CPU.Build.0 = Release|Any CPU
	EndGlobalSection
	GlobalSection(SolutionProperties) = preSolution
		HideSolutionNode = FALSE
	EndGlobalSection
	GlobalSection(ExtensibilityGlobals) = postSolution
		SolutionGuid = {1C1523E8-35C2-49AA-B34B-F5366FC3EB69}
	EndGlobalSection
EndGlobal
